lockfileVersion: 5.4

specifiers:
  recoil: ^0.7.6

dependencies:
  recoil: 0.7.6

packages:

  /hamt_plus/1.0.2:
    resolution: {integrity: sha512-t2JXKaehnMb9paaYA7J0BX8QQAY8lwfQ9Gjf4pg/mk4krt+cmwmU652HOoWonf+7+EQV97ARPMhhVgU1ra2GhA==}
    dev: false

  /recoil/0.7.6:
    resolution: {integrity: sha512-hsBEw7jFdpBCY/tu2GweiyaqHKxVj6EqF2/SfrglbKvJHhpN57SANWvPW+gE90i3Awi+A5gssOd3u+vWlT+g7g==}
    peerDependencies:
      react: '>=16.13.1'
      react-dom: '*'
      react-native: '*'
    peerDependenciesMeta:
      react-dom:
        optional: true
      react-native:
        optional: true
    dependencies:
      hamt_plus: 1.0.2
    dev: false
